
Microsoft Visual Studio Solution File, Format Version 12.00
# Visual Studio Version 16
VisualStudioVersion = 16.0.29709.97
MinimumVisualStudioVersion = 10.0.40219.1
Project("{FAE04EC0-301F-11D3-BF4B-00C04F79EFBC}") = "provaider", "provaider\provaider.csproj", "{0139F070-BB58-4526-8FEC-81785100BD0B}"
EndProject
Global
	GlobalSection(SolutionConfigurationPlatforms) = preSolution
		Debug|Any CPU = Debug|Any CPU
		Release|Any CPU = Release|Any CPU
	EndGlobalSection
	GlobalSection(ProjectConfigurationPlatforms) = postSolution
		{0139F070-BB58-4526-8FEC-81785100BD0B}.Debug|Any CPU.ActiveCfg = Debug|Any CPU
		{0139F070-BB58-4526-8FEC-81785100BD0B}.Debug|Any CPU.Build.0 = Debug|Any CPU
		{0139F070-BB58-4526-8FEC-81785100BD0B}.Release|Any CPU.ActiveCfg = Release|Any CPU
		{0139F070-BB58-4526-8FEC-81785100BD0B}.Release|Any CPU.Build.0 = Release|Any CPU
	EndGlobalSection
	GlobalSection(SolutionProperties) = preSolution
		HideSolutionNode = FALSE
	EndGlobalSection
	GlobalSection(ExtensibilityGlobals) = postSolution
		SolutionGuid = {121B11D0-0882-4FA3-A042-CDC7FCC344E5}
	EndGlobalSection
EndGlobal
